
Microsoft Visual Studio Solution File, Format Version 12.00
# Visual Studio 15
VisualStudioVersion = 15.0.27004.2002
MinimumVisualStudioVersion = 10.0.40219.1
Project("{9A19103F-16F7-4668-BE54-9A1E7A4F7556}") = "StrategyPattern", "StrategyPattern\StrategyPattern.csproj", "{177B81E8-C5F3-448A-991A-D16F60D8C5B3}"
EndProject
Project("{9A19103F-16F7-4668-BE54-9A1E7A4F7556}") = "ObserverPattern", "ObserverPattern\ObserverPattern.csproj", "{30F05D7E-3A94-4014-81A6-F8A47681AC2C}"
EndProject
Project("{9A19103F-16F7-4668-BE54-9A1E7A4F7556}") = "DecoratorPattern", "DecoratorPattern\DecoratorPattern.csproj", "{56B696ED-0624-4864-81F3-1B7980C43804}"
EndProject
Project("{9A19103F-16F7-4668-BE54-9A1E7A4F7556}") = "FactoryMethodPattern", "FactoryMethodPattern\FactoryMethodPattern.csproj", "{CA2E15F6-90EB-4980-8EC9-239961455373}"
EndProject
Project("{9A19103F-16F7-4668-BE54-9A1E7A4F7556}") = "AbstractFactoryPattern", "AbstractFactoryPattern\AbstractFactoryPattern.csproj", "{BA821C3E-034B-494C-99FA-5EFBC97BB233}"
EndProject
Project("{9A19103F-16F7-4668-BE54-9A1E7A4F7556}") = "SingletonPattern", "SingletonPattern\SingletonPattern.csproj", "{2D93774D-93C1-48C2-BDED-D8B5A34B3925}"
EndProject
Project("{9A19103F-16F7-4668-BE54-9A1E7A4F7556}") = "CommandPattern", "CommandPattern\CommandPattern.csproj", "{25A3597F-2BED-4AA7-A065-94DD3846A1DC}"
EndProject
Project("{9A19103F-16F7-4668-BE54-9A1E7A4F7556}") = "AdapterPattern", "AdapterPattern\AdapterPattern.csproj", "{79E53E12-51E2-4C60-9994-34E231D08CB6}"
EndProject
Project("{9A19103F-16F7-4668-BE54-9A1E7A4F7556}") = "FacadePattern", "FacadePattern\FacadePattern.csproj", "{FF07A248-E936-49B2-81A4-55E1D86EEB17}"
EndProject
Project("{9A19103F-16F7-4668-BE54-9A1E7A4F7556}") = "TemplateMethodPattern", "TemplateMethodPattern\TemplateMethodPattern.csproj", "{52863851-361B-4FAB-A19E-0711871708F0}"
EndProject
Project("{FAE04EC0-301F-11D3-BF4B-00C04F79EFBC}") = "IteratorPattern", "IteratorPattern\IteratorPattern.csproj", "{6F2305AA-5507-4083-95A4-E072576DF771}"
EndProject
Global
	GlobalSection(SolutionConfigurationPlatforms) = preSolution
		Debug|Any CPU = Debug|Any CPU
		Release|Any CPU = Release|Any CPU
	EndGlobalSection
	GlobalSection(ProjectConfigurationPlatforms) = postSolution
		{177B81E8-C5F3-448A-991A-D16F60D8C5B3}.Debug|Any CPU.ActiveCfg = Debug|Any CPU
		{177B81E8-C5F3-448A-991A-D16F60D8C5B3}.Debug|Any CPU.Build.0 = Debug|Any CPU
		{177B81E8-C5F3-448A-991A-D16F60D8C5B3}.Release|Any CPU.ActiveCfg = Release|Any CPU
		{177B81E8-C5F3-448A-991A-D16F60D8C5B3}.Release|Any CPU.Build.0 = Release|Any CPU
		{30F05D7E-3A94-4014-81A6-F8A47681AC2C}.Debug|Any CPU.ActiveCfg = Debug|Any CPU
		{30F05D7E-3A94-4014-81A6-F8A47681AC2C}.Debug|Any CPU.Build.0 = Debug|Any CPU
		{30F05D7E-3A94-4014-81A6-F8A47681AC2C}.Release|Any CPU.ActiveCfg = Release|Any CPU
		{30F05D7E-3A94-4014-81A6-F8A47681AC2C}.Release|Any CPU.Build.0 = Release|Any CPU
		{56B696ED-0624-4864-81F3-1B7980C43804}.Debug|Any CPU.ActiveCfg = Debug|Any CPU
		{56B696ED-0624-4864-81F3-1B7980C43804}.Debug|Any CPU.Build.0 = Debug|Any CPU
		{56B696ED-0624-4864-81F3-1B7980C43804}.Release|Any CPU.ActiveCfg = Release|Any CPU
		{56B696ED-0624-4864-81F3-1B7980C43804}.Release|Any CPU.Build.0 = Release|Any CPU
		{CA2E15F6-90EB-4980-8EC9-239961455373}.Debug|Any CPU.ActiveCfg = Debug|Any CPU
		{CA2E15F6-90EB-4980-8EC9-239961455373}.Debug|Any CPU.Build.0 = Debug|Any CPU
		{CA2E15F6-90EB-4980-8EC9-239961455373}.Release|Any CPU.ActiveCfg = Release|Any CPU
		{CA2E15F6-90EB-4980-8EC9-239961455373}.Release|Any CPU.Build.0 = Release|Any CPU
		{BA821C3E-034B-494C-99FA-5EFBC97BB233}.Debug|Any CPU.ActiveCfg = Debug|Any CPU
		{BA821C3E-034B-494C-99FA-5EFBC97BB233}.Debug|Any CPU.Build.0 = Debug|Any CPU
		{BA821C3E-034B-494C-99FA-5EFBC97BB233}.Release|Any CPU.ActiveCfg = Release|Any CPU
		{BA821C3E-034B-494C-99FA-5EFBC97BB233}.Release|Any CPU.Build.0 = Release|Any CPU
		{2D93774D-93C1-48C2-BDED-D8B5A34B3925}.Debug|Any CPU.ActiveCfg = Debug|Any CPU
		{2D93774D-93C1-48C2-BDED-D8B5A34B3925}.Debug|Any CPU.Build.0 = Debug|Any CPU
		{2D93774D-93C1-48C2-BDED-D8B5A34B3925}.Release|Any CPU.ActiveCfg = Release|Any CPU
		{2D93774D-93C1-48C2-BDED-D8B5A34B3925}.Release|Any CPU.Build.0 = Release|Any CPU
		{25A3597F-2BED-4AA7-A065-94DD3846A1DC}.Debug|Any CPU.ActiveCfg = Debug|Any CPU
		{25A3597F-2BED-4AA7-A065-94DD3846A1DC}.Debug|Any CPU.Build.0 = Debug|Any CPU
		{25A3597F-2BED-4AA7-A065-94DD3846A1DC}.Release|Any CPU.ActiveCfg = Release|Any CPU
		{25A3597F-2BED-4AA7-A065-94DD3846A1DC}.Release|Any CPU.Build.0 = Release|Any CPU
		{79E53E12-51E2-4C60-9994-34E231D08CB6}.Debug|Any CPU.ActiveCfg = Debug|Any CPU
		{79E53E12-51E2-4C60-9994-34E231D08CB6}.Debug|Any CPU.Build.0 = Debug|Any CPU
		{79E53E12-51E2-4C60-9994-34E231D08CB6}.Release|Any CPU.ActiveCfg = Release|Any CPU
		{79E53E12-51E2-4C60-9994-34E231D08CB6}.Release|Any CPU.Build.0 = Release|Any CPU
		{FF07A248-E936-49B2-81A4-55E1D86EEB17}.Debug|Any CPU.ActiveCfg = Debug|Any CPU
		{FF07A248-E936-49B2-81A4-55E1D86EEB17}.Debug|Any CPU.Build.0 = Debug|Any CPU
		{FF07A248-E936-49B2-81A4-55E1D86EEB17}.Release|Any CPU.ActiveCfg = Release|Any CPU
		{FF07A248-E936-49B2-81A4-55E1D86EEB17}.Release|Any CPU.Build.0 = Release|Any CPU
		{52863851-361B-4FAB-A19E-0711871708F0}.Debug|Any CPU.ActiveCfg = Debug|Any CPU
		{52863851-361B-4FAB-A19E-0711871708F0}.Debug|Any CPU.Build.0 = Debug|Any CPU
		{52863851-361B-4FAB-A19E-0711871708F0}.Release|Any CPU.ActiveCfg = Release|Any CPU
		{52863851-361B-4FAB-A19E-0711871708F0}.Release|Any CPU.Build.0 = Release|Any CPU
		{6F2305AA-5507-4083-95A4-E072576DF771}.Debug|Any CPU.ActiveCfg = Debug|Any CPU
		{6F2305AA-5507-4083-95A4-E072576DF771}.Debug|Any CPU.Build.0 = Debug|Any CPU
		{6F2305AA-5507-4083-95A4-E072576DF771}.Release|Any CPU.ActiveCfg = Release|Any CPU
		{6F2305AA-5507-4083-95A4-E072576DF771}.Release|Any CPU.Build.0 = Release|Any CPU
	EndGlobalSection
	GlobalSection(SolutionProperties) = preSolution
		HideSolutionNode = FALSE
	EndGlobalSection
	GlobalSection(ExtensibilityGlobals) = postSolution
		SolutionGuid = {E476FFBD-6465-4AB6-9A2B-262B7BA344F7}
	EndGlobalSection
EndGlobal
